
Microsoft Visual Studio Solution File, Format Version 12.00
# Visual Studio Version 16
VisualStudioVersion = 16.0.31112.23
MinimumVisualStudioVersion = 10.0.40219.1
Project("{FAE04EC0-301F-11D3-BF4B-00C04F79EFBC}") = "Vistas", "Presentacion\Vistas.csproj", "{A1F24C74-7B9C-4DE8-A790-9FCAE4CF5760}"
EndProject
Project("{FAE04EC0-301F-11D3-BF4B-00C04F79EFBC}") = "Negocio", "Negocio\Negocio.csproj", "{7A2A1239-8D2C-44A7-8897-D6922FCDA896}"
EndProject
Project("{FAE04EC0-301F-11D3-BF4B-00C04F79EFBC}") = "Datos", "Datos\Datos.csproj", "{C0159B65-4D32-4776-9278-AB96E73827F9}"
EndProject
Project("{FAE04EC0-301F-11D3-BF4B-00C04F79EFBC}") = "Entidades", "Entidades\Entidades.csproj", "{F4A2EAE3-DCD0-4317-A266-AAE6220D4254}"
EndProject
Project("{2150E333-8FDC-42A3-9474-1A3956D46DE8}") = "Solution Items", "Solution Items", "{BE72B6C5-F94E-4DE0-B4E3-7C246ED5C22D}"
	ProjectSection(SolutionItems) = preProject
		.editorconfig = .editorconfig
	EndProjectSection
EndProject
Global
	GlobalSection(SolutionConfigurationPlatforms) = preSolution
		Debug|Any CPU = Debug|Any CPU
		Release|Any CPU = Release|Any CPU
	EndGlobalSection
	GlobalSection(ProjectConfigurationPlatforms) = postSolution
		{A1F24C74-7B9C-4DE8-A790-9FCAE4CF5760}.Debug|Any CPU.ActiveCfg = Debug|Any CPU
		{A1F24C74-7B9C-4DE8-A790-9FCAE4CF5760}.Debug|Any CPU.Build.0 = Debug|Any CPU
		{A1F24C74-7B9C-4DE8-A790-9FCAE4CF5760}.Release|Any CPU.ActiveCfg = Release|Any CPU
		{A1F24C74-7B9C-4DE8-A790-9FCAE4CF5760}.Release|Any CPU.Build.0 = Release|Any CPU
		{7A2A1239-8D2C-44A7-8897-D6922FCDA896}.Debug|Any CPU.ActiveCfg = Debug|Any CPU
		{7A2A1239-8D2C-44A7-8897-D6922FCDA896}.Debug|Any CPU.Build.0 = Debug|Any CPU
		{7A2A1239-8D2C-44A7-8897-D6922FCDA896}.Release|Any CPU.ActiveCfg = Release|Any CPU
		{7A2A1239-8D2C-44A7-8897-D6922FCDA896}.Release|Any CPU.Build.0 = Release|Any CPU
		{C0159B65-4D32-4776-9278-AB96E73827F9}.Debug|Any CPU.ActiveCfg = Debug|Any CPU
		{C0159B65-4D32-4776-9278-AB96E73827F9}.Debug|Any CPU.Build.0 = Debug|Any CPU
		{C0159B65-4D32-4776-9278-AB96E73827F9}.Release|Any CPU.ActiveCfg = Release|Any CPU
		{C0159B65-4D32-4776-9278-AB96E73827F9}.Release|Any CPU.Build.0 = Release|Any CPU
		{F4A2EAE3-DCD0-4317-A266-AAE6220D4254}.Debug|Any CPU.ActiveCfg = Debug|Any CPU
		{F4A2EAE3-DCD0-4317-A266-AAE6220D4254}.Debug|Any CPU.Build.0 = Debug|Any CPU
		{F4A2EAE3-DCD0-4317-A266-AAE6220D4254}.Release|Any CPU.ActiveCfg = Release|Any CPU
		{F4A2EAE3-DCD0-4317-A266-AAE6220D4254}.Release|Any CPU.Build.0 = Release|Any CPU
	EndGlobalSection
	GlobalSection(SolutionProperties) = preSolution
		HideSolutionNode = FALSE
	EndGlobalSection
	GlobalSection(ExtensibilityGlobals) = postSolution
		SolutionGuid = {D6F3F715-152C-48AD-89AB-9E0D4F18A01A}
	EndGlobalSection
EndGlobal
